
Microsoft Visual Studio Solution File, Format Version 12.00
# Visual Studio Version 17
VisualStudioVersion = 17.2.32616.157
MinimumVisualStudioVersion = 10.0.40219.1
Project("{9A19103F-16F7-4668-BE54-9A1E7A4F7556}") = "YzProject.Domain", "YzProject.Domain\YzProject.Domain.csproj", "{00E8A9DB-3C1C-47CB-B28E-75AEA282CBC9}"
EndProject
Project("{2150E333-8FDC-42A3-9474-1A3956D46DE8}") = "EventBus", "EventBus", "{A7B3010C-5CFD-45A4-91DF-1AF95C4FBDDA}"
EndProject
Project("{9A19103F-16F7-4668-BE54-9A1E7A4F7556}") = "YzProject.EventBus", "YzProject.EventBus\YzProject.EventBus.csproj", "{E4244574-0D2C-4659-B2B8-C8A479AD8E2E}"
EndProject
Project("{9A19103F-16F7-4668-BE54-9A1E7A4F7556}") = "YzProject.EventBusRabbitMQ", "YzProject.EventBusRabbitMQ\YzProject.EventBusRabbitMQ.csproj", "{F4F320FC-0F9C-433C-BF55-005D6CEFBC3E}"
EndProject
Project("{9A19103F-16F7-4668-BE54-9A1E7A4F7556}") = "YzProject.IntegrationEventLogEF", "YzProject.IntegrationEventLogEF\YzProject.IntegrationEventLogEF.csproj", "{16100D6B-FE9B-4325-B27E-351A4810EA9A}"
EndProject
Project("{9A19103F-16F7-4668-BE54-9A1E7A4F7556}") = "YzProject.Common", "YzProject.Common\YzProject.Common.csproj", "{4B2DB141-4F7A-4737-A550-4B08E4B1CDD7}"
EndProject
Project("{9A19103F-16F7-4668-BE54-9A1E7A4F7556}") = "YzProject.Repository", "YzProject.Repository\YzProject.Repository.csproj", "{E784AA8F-C518-475D-8ED7-B0707A6FC776}"
EndProject
Project("{9A19103F-16F7-4668-BE54-9A1E7A4F7556}") = "YzProject.Services", "YzProject.Services\YzProject.Services.csproj", "{027D9201-773D-404F-8B89-F96A0BAD2248}"
EndProject
Project("{9A19103F-16F7-4668-BE54-9A1E7A4F7556}") = "YzProject.WebAPI", "YzProject.WebAPI\YzProject.WebAPI.csproj", "{42F6A785-7B90-4597-B931-3B98AF20A39B}"
EndProject
Project("{9A19103F-16F7-4668-BE54-9A1E7A4F7556}") = "YzProject.WebMVC", "YzProject.WebMVC\YzProject.WebMVC.csproj", "{3CA88653-2699-4C57-9DCB-E8516F598F0B}"
EndProject
Project("{9A19103F-16F7-4668-BE54-9A1E7A4F7556}") = "YzProject.Redis", "YzProject.Redis\YzProject.Redis.csproj", "{74B297C7-AB72-432D-9959-9465D3B98E12}"
EndProject
Project("{2150E333-8FDC-42A3-9474-1A3956D46DE8}") = "CommunicationService", "CommunicationService", "{27F32362-0E4B-42A8-8098-744B94DE38C3}"
	ProjectSection(SolutionItems) = preProject
		ReadMe.md = ReadMe.md
	EndProjectSection
EndProject
Project("{9A19103F-16F7-4668-BE54-9A1E7A4F7556}") = "YzProject.Repository.Contract", "YzProject.Repository.Contract\YzProject.Repository.Contract.csproj", "{FCB9CF20-B26E-4A7A-8427-E7DB71CA4D98}"
EndProject
Project("{9A19103F-16F7-4668-BE54-9A1E7A4F7556}") = "YzProject.Services.Contract", "YzProject.Services.Contract\YzProject.Services.Contract.csproj", "{E0D9C1E6-66F4-4DFE-A879-3881F806212A}"
EndProject
Project("{2150E333-8FDC-42A3-9474-1A3956D46DE8}") = "Src", "Src", "{A40F6192-6D50-4867-8FA1-709803B62826}"
EndProject
Project("{9A19103F-16F7-4668-BE54-9A1E7A4F7556}") = "YzProject.WebMVCVue", "YzProject.WebMVCVue\YzProject.WebMVCVue.csproj", "{38262F83-6AAD-437E-8D46-3C4DCBABDBC8}"
EndProject
Project("{9A19103F-16F7-4668-BE54-9A1E7A4F7556}") = "YzProject.ZigbeeService", "YzProject.ZigbeeService\YzProject.ZigbeeService.csproj", "{55E8A3DF-77BB-4E35-A7C0-F2202DDC6607}"
EndProject
Project("{9A19103F-16F7-4668-BE54-9A1E7A4F7556}") = "YzProject.MQTTService", "YzProject.MQTTService\YzProject.MQTTService.csproj", "{A2C0C96C-12DB-4DDD-86F5-F90FC88C4904}"
EndProject
Project("{9A19103F-16F7-4668-BE54-9A1E7A4F7556}") = "YzProject.SocketService", "YzProject.SocketService\YzProject.SocketService.csproj", "{FDBD6BDE-8A80-4886-AFA3-D7B39552CB49}"
EndProject
Project("{9A19103F-16F7-4668-BE54-9A1E7A4F7556}") = "MQTTClientTest", "MQTTClientTest\MQTTClientTest.csproj", "{78DD98E2-FD6F-439C-BD4C-A16A8864A561}"
EndProject
Project("{9A19103F-16F7-4668-BE54-9A1E7A4F7556}") = "MQTTServerTest", "MQTTServerTest\MQTTServerTest.csproj", "{B3A0D257-5DE6-4C15-847F-E136A73DB2C4}"
EndProject
Project("{2150E333-8FDC-42A3-9474-1A3956D46DE8}") = "test", "test", "{E734BC82-188D-4DF1-8E78-70B618CB38B8}"
EndProject
Project("{2150E333-8FDC-42A3-9474-1A3956D46DE8}") = "TimeTask", "TimeTask", "{9CE13C73-DA78-4DB6-A0B8-8B5E60229C46}"
EndProject
Project("{9A19103F-16F7-4668-BE54-9A1E7A4F7556}") = "YzProject.TimeTask", "YzProject.TimeTask\YzProject.TimeTask.csproj", "{33CE5BDF-724C-4F00-94F4-0D75804B178E}"
EndProject
Project("{FAE04EC0-301F-11D3-BF4B-00C04F79EFBC}") = "SocketServerTest", "SocketServerTest\SocketServerTest.csproj", "{AE05AD7D-9C88-41FD-974C-5A0234221AA6}"
EndProject
Project("{FAE04EC0-301F-11D3-BF4B-00C04F79EFBC}") = "SocketClientTest", "SocketClientTest\SocketClientTest.csproj", "{BFADF38A-55EA-4EC5-A26D-62017A981EAE}"
EndProject
Global
	GlobalSection(SolutionConfigurationPlatforms) = preSolution
		Debug|Any CPU = Debug|Any CPU
		Release|Any CPU = Release|Any CPU
	EndGlobalSection
	GlobalSection(ProjectConfigurationPlatforms) = postSolution
		{00E8A9DB-3C1C-47CB-B28E-75AEA282CBC9}.Debug|Any CPU.ActiveCfg = Debug|Any CPU
		{00E8A9DB-3C1C-47CB-B28E-75AEA282CBC9}.Debug|Any CPU.Build.0 = Debug|Any CPU
		{00E8A9DB-3C1C-47CB-B28E-75AEA282CBC9}.Release|Any CPU.ActiveCfg = Release|Any CPU
		{00E8A9DB-3C1C-47CB-B28E-75AEA282CBC9}.Release|Any CPU.Build.0 = Release|Any CPU
		{E4244574-0D2C-4659-B2B8-C8A479AD8E2E}.Debug|Any CPU.ActiveCfg = Debug|Any CPU
		{E4244574-0D2C-4659-B2B8-C8A479AD8E2E}.Debug|Any CPU.Build.0 = Debug|Any CPU
		{E4244574-0D2C-4659-B2B8-C8A479AD8E2E}.Release|Any CPU.ActiveCfg = Release|Any CPU
		{E4244574-0D2C-4659-B2B8-C8A479AD8E2E}.Release|Any CPU.Build.0 = Release|Any CPU
		{F4F320FC-0F9C-433C-BF55-005D6CEFBC3E}.Debug|Any CPU.ActiveCfg = Debug|Any CPU
		{F4F320FC-0F9C-433C-BF55-005D6CEFBC3E}.Debug|Any CPU.Build.0 = Debug|Any CPU
		{F4F320FC-0F9C-433C-BF55-005D6CEFBC3E}.Release|Any CPU.ActiveCfg = Release|Any CPU
		{F4F320FC-0F9C-433C-BF55-005D6CEFBC3E}.Release|Any CPU.Build.0 = Release|Any CPU
		{16100D6B-FE9B-4325-B27E-351A4810EA9A}.Debug|Any CPU.ActiveCfg = Debug|Any CPU
		{16100D6B-FE9B-4325-B27E-351A4810EA9A}.Debug|Any CPU.Build.0 = Debug|Any CPU
		{16100D6B-FE9B-4325-B27E-351A4810EA9A}.Release|Any CPU.ActiveCfg = Release|Any CPU
		{16100D6B-FE9B-4325-B27E-351A4810EA9A}.Release|Any CPU.Build.0 = Release|Any CPU
		{4B2DB141-4F7A-4737-A550-4B08E4B1CDD7}.Debug|Any CPU.ActiveCfg = Debug|Any CPU
		{4B2DB141-4F7A-4737-A550-4B08E4B1CDD7}.Debug|Any CPU.Build.0 = Debug|Any CPU
		{4B2DB141-4F7A-4737-A550-4B08E4B1CDD7}.Release|Any CPU.ActiveCfg = Release|Any CPU
		{4B2DB141-4F7A-4737-A550-4B08E4B1CDD7}.Release|Any CPU.Build.0 = Release|Any CPU
		{E784AA8F-C518-475D-8ED7-B0707A6FC776}.Debug|Any CPU.ActiveCfg = Debug|Any CPU
		{E784AA8F-C518-475D-8ED7-B0707A6FC776}.Debug|Any CPU.Build.0 = Debug|Any CPU
		{E784AA8F-C518-475D-8ED7-B0707A6FC776}.Release|Any CPU.ActiveCfg = Release|Any CPU
		{E784AA8F-C518-475D-8ED7-B0707A6FC776}.Release|Any CPU.Build.0 = Release|Any CPU
		{027D9201-773D-404F-8B89-F96A0BAD2248}.Debug|Any CPU.ActiveCfg = Debug|Any CPU
		{027D9201-773D-404F-8B89-F96A0BAD2248}.Debug|Any CPU.Build.0 = Debug|Any CPU
		{027D9201-773D-404F-8B89-F96A0BAD2248}.Release|Any CPU.ActiveCfg = Release|Any CPU
		{027D9201-773D-404F-8B89-F96A0BAD2248}.Release|Any CPU.Build.0 = Release|Any CPU
		{42F6A785-7B90-4597-B931-3B98AF20A39B}.Debug|Any CPU.ActiveCfg = Debug|Any CPU
		{42F6A785-7B90-4597-B931-3B98AF20A39B}.Debug|Any CPU.Build.0 = Debug|Any CPU
		{42F6A785-7B90-4597-B931-3B98AF20A39B}.Release|Any CPU.ActiveCfg = Release|Any CPU
		{42F6A785-7B90-4597-B931-3B98AF20A39B}.Release|Any CPU.Build.0 = Release|Any CPU
		{3CA88653-2699-4C57-9DCB-E8516F598F0B}.Debug|Any CPU.ActiveCfg = Debug|Any CPU
		{3CA88653-2699-4C57-9DCB-E8516F598F0B}.Debug|Any CPU.Build.0 = Debug|Any CPU
		{3CA88653-2699-4C57-9DCB-E8516F598F0B}.Release|Any CPU.ActiveCfg = Release|Any CPU
		{3CA88653-2699-4C57-9DCB-E8516F598F0B}.Release|Any CPU.Build.0 = Release|Any CPU
		{74B297C7-AB72-432D-9959-9465D3B98E12}.Debug|Any CPU.ActiveCfg = Debug|Any CPU
		{74B297C7-AB72-432D-9959-9465D3B98E12}.Debug|Any CPU.Build.0 = Debug|Any CPU
		{74B297C7-AB72-432D-9959-9465D3B98E12}.Release|Any CPU.ActiveCfg = Release|Any CPU
		{74B297C7-AB72-432D-9959-9465D3B98E12}.Release|Any CPU.Build.0 = Release|Any CPU
		{FCB9CF20-B26E-4A7A-8427-E7DB71CA4D98}.Debug|Any CPU.ActiveCfg = Debug|Any CPU
		{FCB9CF20-B26E-4A7A-8427-E7DB71CA4D98}.Debug|Any CPU.Build.0 = Debug|Any CPU
		{FCB9CF20-B26E-4A7A-8427-E7DB71CA4D98}.Release|Any CPU.ActiveCfg = Release|Any CPU
		{FCB9CF20-B26E-4A7A-8427-E7DB71CA4D98}.Release|Any CPU.Build.0 = Release|Any CPU
		{E0D9C1E6-66F4-4DFE-A879-3881F806212A}.Debug|Any CPU.ActiveCfg = Debug|Any CPU
		{E0D9C1E6-66F4-4DFE-A879-3881F806212A}.Debug|Any CPU.Build.0 = Debug|Any CPU
		{E0D9C1E6-66F4-4DFE-A879-3881F806212A}.Release|Any CPU.ActiveCfg = Release|Any CPU
		{E0D9C1E6-66F4-4DFE-A879-3881F806212A}.Release|Any CPU.Build.0 = Release|Any CPU
		{38262F83-6AAD-437E-8D46-3C4DCBABDBC8}.Debug|Any CPU.ActiveCfg = Debug|Any CPU
		{38262F83-6AAD-437E-8D46-3C4DCBABDBC8}.Debug|Any CPU.Build.0 = Debug|Any CPU
		{38262F83-6AAD-437E-8D46-3C4DCBABDBC8}.Release|Any CPU.ActiveCfg = Release|Any CPU
		{38262F83-6AAD-437E-8D46-3C4DCBABDBC8}.Release|Any CPU.Build.0 = Release|Any CPU
		{55E8A3DF-77BB-4E35-A7C0-F2202DDC6607}.Debug|Any CPU.ActiveCfg = Debug|Any CPU
		{55E8A3DF-77BB-4E35-A7C0-F2202DDC6607}.Debug|Any CPU.Build.0 = Debug|Any CPU
		{55E8A3DF-77BB-4E35-A7C0-F2202DDC6607}.Release|Any CPU.ActiveCfg = Release|Any CPU
		{55E8A3DF-77BB-4E35-A7C0-F2202DDC6607}.Release|Any CPU.Build.0 = Release|Any CPU
		{A2C0C96C-12DB-4DDD-86F5-F90FC88C4904}.Debug|Any CPU.ActiveCfg = Debug|Any CPU
		{A2C0C96C-12DB-4DDD-86F5-F90FC88C4904}.Debug|Any CPU.Build.0 = Debug|Any CPU
		{A2C0C96C-12DB-4DDD-86F5-F90FC88C4904}.Release|Any CPU.ActiveCfg = Release|Any CPU
		{A2C0C96C-12DB-4DDD-86F5-F90FC88C4904}.Release|Any CPU.Build.0 = Release|Any CPU
		{FDBD6BDE-8A80-4886-AFA3-D7B39552CB49}.Debug|Any CPU.ActiveCfg = Debug|Any CPU
		{FDBD6BDE-8A80-4886-AFA3-D7B39552CB49}.Debug|Any CPU.Build.0 = Debug|Any CPU
		{FDBD6BDE-8A80-4886-AFA3-D7B39552CB49}.Release|Any CPU.ActiveCfg = Release|Any CPU
		{FDBD6BDE-8A80-4886-AFA3-D7B39552CB49}.Release|Any CPU.Build.0 = Release|Any CPU
		{78DD98E2-FD6F-439C-BD4C-A16A8864A561}.Debug|Any CPU.ActiveCfg = Debug|Any CPU
		{78DD98E2-FD6F-439C-BD4C-A16A8864A561}.Debug|Any CPU.Build.0 = Debug|Any CPU
		{78DD98E2-FD6F-439C-BD4C-A16A8864A561}.Release|Any CPU.ActiveCfg = Release|Any CPU
		{78DD98E2-FD6F-439C-BD4C-A16A8864A561}.Release|Any CPU.Build.0 = Release|Any CPU
		{B3A0D257-5DE6-4C15-847F-E136A73DB2C4}.Debug|Any CPU.ActiveCfg = Debug|Any CPU
		{B3A0D257-5DE6-4C15-847F-E136A73DB2C4}.Debug|Any CPU.Build.0 = Debug|Any CPU
		{B3A0D257-5DE6-4C15-847F-E136A73DB2C4}.Release|Any CPU.ActiveCfg = Release|Any CPU
		{B3A0D257-5DE6-4C15-847F-E136A73DB2C4}.Release|Any CPU.Build.0 = Release|Any CPU
		{33CE5BDF-724C-4F00-94F4-0D75804B178E}.Debug|Any CPU.ActiveCfg = Debug|Any CPU
		{33CE5BDF-724C-4F00-94F4-0D75804B178E}.Debug|Any CPU.Build.0 = Debug|Any CPU
		{33CE5BDF-724C-4F00-94F4-0D75804B178E}.Release|Any CPU.ActiveCfg = Release|Any CPU
		{33CE5BDF-724C-4F00-94F4-0D75804B178E}.Release|Any CPU.Build.0 = Release|Any CPU
		{AE05AD7D-9C88-41FD-974C-5A0234221AA6}.Debug|Any CPU.ActiveCfg = Debug|Any CPU
		{AE05AD7D-9C88-41FD-974C-5A0234221AA6}.Debug|Any CPU.Build.0 = Debug|Any CPU
		{AE05AD7D-9C88-41FD-974C-5A0234221AA6}.Release|Any CPU.ActiveCfg = Release|Any CPU
		{AE05AD7D-9C88-41FD-974C-5A0234221AA6}.Release|Any CPU.Build.0 = Release|Any CPU
		{BFADF38A-55EA-4EC5-A26D-62017A981EAE}.Debug|Any CPU.ActiveCfg = Debug|Any CPU
		{BFADF38A-55EA-4EC5-A26D-62017A981EAE}.Debug|Any CPU.Build.0 = Debug|Any CPU
		{BFADF38A-55EA-4EC5-A26D-62017A981EAE}.Release|Any CPU.ActiveCfg = Release|Any CPU
		{BFADF38A-55EA-4EC5-A26D-62017A981EAE}.Release|Any CPU.Build.0 = Release|Any CPU
	EndGlobalSection
	GlobalSection(SolutionProperties) = preSolution
		HideSolutionNode = FALSE
	EndGlobalSection
	GlobalSection(NestedProjects) = preSolution
		{00E8A9DB-3C1C-47CB-B28E-75AEA282CBC9} = {A40F6192-6D50-4867-8FA1-709803B62826}
		{A7B3010C-5CFD-45A4-91DF-1AF95C4FBDDA} = {A40F6192-6D50-4867-8FA1-709803B62826}
		{E4244574-0D2C-4659-B2B8-C8A479AD8E2E} = {A7B3010C-5CFD-45A4-91DF-1AF95C4FBDDA}
		{F4F320FC-0F9C-433C-BF55-005D6CEFBC3E} = {A7B3010C-5CFD-45A4-91DF-1AF95C4FBDDA}
		{16100D6B-FE9B-4325-B27E-351A4810EA9A} = {A7B3010C-5CFD-45A4-91DF-1AF95C4FBDDA}
		{4B2DB141-4F7A-4737-A550-4B08E4B1CDD7} = {A40F6192-6D50-4867-8FA1-709803B62826}
		{E784AA8F-C518-475D-8ED7-B0707A6FC776} = {A40F6192-6D50-4867-8FA1-709803B62826}
		{027D9201-773D-404F-8B89-F96A0BAD2248} = {A40F6192-6D50-4867-8FA1-709803B62826}
		{42F6A785-7B90-4597-B931-3B98AF20A39B} = {A40F6192-6D50-4867-8FA1-709803B62826}
		{3CA88653-2699-4C57-9DCB-E8516F598F0B} = {A40F6192-6D50-4867-8FA1-709803B62826}
		{74B297C7-AB72-432D-9959-9465D3B98E12} = {A40F6192-6D50-4867-8FA1-709803B62826}
		{27F32362-0E4B-42A8-8098-744B94DE38C3} = {A40F6192-6D50-4867-8FA1-709803B62826}
		{FCB9CF20-B26E-4A7A-8427-E7DB71CA4D98} = {A40F6192-6D50-4867-8FA1-709803B62826}
		{E0D9C1E6-66F4-4DFE-A879-3881F806212A} = {A40F6192-6D50-4867-8FA1-709803B62826}
		{38262F83-6AAD-437E-8D46-3C4DCBABDBC8} = {A40F6192-6D50-4867-8FA1-709803B62826}
		{55E8A3DF-77BB-4E35-A7C0-F2202DDC6607} = {27F32362-0E4B-42A8-8098-744B94DE38C3}
		{A2C0C96C-12DB-4DDD-86F5-F90FC88C4904} = {27F32362-0E4B-42A8-8098-744B94DE38C3}
		{FDBD6BDE-8A80-4886-AFA3-D7B39552CB49} = {27F32362-0E4B-42A8-8098-744B94DE38C3}
		{78DD98E2-FD6F-439C-BD4C-A16A8864A561} = {E734BC82-188D-4DF1-8E78-70B618CB38B8}
		{B3A0D257-5DE6-4C15-847F-E136A73DB2C4} = {E734BC82-188D-4DF1-8E78-70B618CB38B8}
		{E734BC82-188D-4DF1-8E78-70B618CB38B8} = {27F32362-0E4B-42A8-8098-744B94DE38C3}
		{9CE13C73-DA78-4DB6-A0B8-8B5E60229C46} = {A40F6192-6D50-4867-8FA1-709803B62826}
		{33CE5BDF-724C-4F00-94F4-0D75804B178E} = {9CE13C73-DA78-4DB6-A0B8-8B5E60229C46}
		{AE05AD7D-9C88-41FD-974C-5A0234221AA6} = {E734BC82-188D-4DF1-8E78-70B618CB38B8}
		{BFADF38A-55EA-4EC5-A26D-62017A981EAE} = {E734BC82-188D-4DF1-8E78-70B618CB38B8}
	EndGlobalSection
	GlobalSection(ExtensibilityGlobals) = postSolution
		SolutionGuid = {6F0115CE-5E84-4849-9256-F07196ED5E93}
	EndGlobalSection
EndGlobal
